
Microsoft Visual Studio Solution File, Format Version 12.00
# Visual Studio Version 16
VisualStudioVersion = 16.0.30907.101
MinimumVisualStudioVersion = 10.0.40219.1
Project("{FAE04EC0-301F-11D3-BF4B-00C04F79EFBC}") = "Day6Homework2", "Day6Homework2.csproj", "{2417B0A1-6923-4DE9-BD0F-5C2328F89ABE}"
EndProject
Global
	GlobalSection(SolutionConfigurationPlatforms) = preSolution
		Debug|Any CPU = Debug|Any CPU
		Release|Any CPU = Release|Any CPU
	EndGlobalSection
	GlobalSection(ProjectConfigurationPlatforms) = postSolution
		{2417B0A1-6923-4DE9-BD0F-5C2328F89ABE}.Debug|Any CPU.ActiveCfg = Debug|Any CPU
		{2417B0A1-6923-4DE9-BD0F-5C2328F89ABE}.Debug|Any CPU.Build.0 = Debug|Any CPU
		{2417B0A1-6923-4DE9-BD0F-5C2328F89ABE}.Release|Any CPU.ActiveCfg = Release|Any CPU
		{2417B0A1-6923-4DE9-BD0F-5C2328F89ABE}.Release|Any CPU.Build.0 = Release|Any CPU
	EndGlobalSection
	GlobalSection(SolutionProperties) = preSolution
		HideSolutionNode = FALSE
	EndGlobalSection
	GlobalSection(ExtensibilityGlobals) = postSolution
		SolutionGuid = {2AE5F2E6-5A09-4729-8FB0-043D33DEF8AC}
	EndGlobalSection
EndGlobal
