
Microsoft Visual Studio Solution File, Format Version 12.00
# Visual Studio Version 16
VisualStudioVersion = 16.0.30907.101
MinimumVisualStudioVersion = 10.0.40219.1
Project("{FAE04EC0-301F-11D3-BF4B-00C04F79EFBC}") = "Day4Homework5", "Day4Homework5.csproj", "{23A60B17-9448-468E-9F0B-37281FBC5FFE}"
EndProject
Global
	GlobalSection(SolutionConfigurationPlatforms) = preSolution
		Debug|Any CPU = Debug|Any CPU
		Release|Any CPU = Release|Any CPU
	EndGlobalSection
	GlobalSection(ProjectConfigurationPlatforms) = postSolution
		{23A60B17-9448-468E-9F0B-37281FBC5FFE}.Debug|Any CPU.ActiveCfg = Debug|Any CPU
		{23A60B17-9448-468E-9F0B-37281FBC5FFE}.Debug|Any CPU.Build.0 = Debug|Any CPU
		{23A60B17-9448-468E-9F0B-37281FBC5FFE}.Release|Any CPU.ActiveCfg = Release|Any CPU
		{23A60B17-9448-468E-9F0B-37281FBC5FFE}.Release|Any CPU.Build.0 = Release|Any CPU
	EndGlobalSection
	GlobalSection(SolutionProperties) = preSolution
		HideSolutionNode = FALSE
	EndGlobalSection
	GlobalSection(ExtensibilityGlobals) = postSolution
		SolutionGuid = {662E3D27-ABC4-44BC-8A03-1ECC6CBF6C08}
	EndGlobalSection
EndGlobal
