
Microsoft Visual Studio Solution File, Format Version 12.00
# Visual Studio Version 16
VisualStudioVersion = 16.0.30907.101
MinimumVisualStudioVersion = 10.0.40219.1
Project("{FAE04EC0-301F-11D3-BF4B-00C04F79EFBC}") = "Day5Homework5", "Day5Homework5.csproj", "{8FBB9156-63FF-4000-BD8D-0CF37904CEAB}"
EndProject
Global
	GlobalSection(SolutionConfigurationPlatforms) = preSolution
		Debug|Any CPU = Debug|Any CPU
		Release|Any CPU = Release|Any CPU
	EndGlobalSection
	GlobalSection(ProjectConfigurationPlatforms) = postSolution
		{8FBB9156-63FF-4000-BD8D-0CF37904CEAB}.Debug|Any CPU.ActiveCfg = Debug|Any CPU
		{8FBB9156-63FF-4000-BD8D-0CF37904CEAB}.Debug|Any CPU.Build.0 = Debug|Any CPU
		{8FBB9156-63FF-4000-BD8D-0CF37904CEAB}.Release|Any CPU.ActiveCfg = Release|Any CPU
		{8FBB9156-63FF-4000-BD8D-0CF37904CEAB}.Release|Any CPU.Build.0 = Release|Any CPU
	EndGlobalSection
	GlobalSection(SolutionProperties) = preSolution
		HideSolutionNode = FALSE
	EndGlobalSection
	GlobalSection(ExtensibilityGlobals) = postSolution
		SolutionGuid = {4E9FF4AC-ED78-4E9B-9DC9-755E611744D1}
	EndGlobalSection
EndGlobal
