
Microsoft Visual Studio Solution File, Format Version 12.00
# Visual Studio Version 16
VisualStudioVersion = 16.0.30907.101
MinimumVisualStudioVersion = 10.0.40219.1
Project("{FAE04EC0-301F-11D3-BF4B-00C04F79EFBC}") = "ClassIntro", "ClassIntro.csproj", "{AD933336-ABF6-4631-BCD2-083BE46731A7}"
EndProject
Global
	GlobalSection(SolutionConfigurationPlatforms) = preSolution
		Debug|Any CPU = Debug|Any CPU
		Release|Any CPU = Release|Any CPU
	EndGlobalSection
	GlobalSection(ProjectConfigurationPlatforms) = postSolution
		{AD933336-ABF6-4631-BCD2-083BE46731A7}.Debug|Any CPU.ActiveCfg = Debug|Any CPU
		{AD933336-ABF6-4631-BCD2-083BE46731A7}.Debug|Any CPU.Build.0 = Debug|Any CPU
		{AD933336-ABF6-4631-BCD2-083BE46731A7}.Release|Any CPU.ActiveCfg = Release|Any CPU
		{AD933336-ABF6-4631-BCD2-083BE46731A7}.Release|Any CPU.Build.0 = Release|Any CPU
	EndGlobalSection
	GlobalSection(SolutionProperties) = preSolution
		HideSolutionNode = FALSE
	EndGlobalSection
	GlobalSection(ExtensibilityGlobals) = postSolution
		SolutionGuid = {26847CFB-199F-4FC4-B7DA-A8A9C4F81F4E}
	EndGlobalSection
EndGlobal
